// !$*UTF8*$!
{
	archiveVersion = 1;
	classes = {
	};
	objectVersion = 50;
	objects = {

/* Begin PBXBuildFile section */
		765C09EC2591CE66001209F8 /* ChatTicker.swift in Sources */ = {isa = PBXBuildFile; fileRef = 765C09EB2591CE66001209F8 /* ChatTicker.swift */; };
		765C09F42592FEDB001209F8 /* ChatView.swift in Sources */ = {isa = PBXBuildFile; fileRef = 765C09F32592FEDB001209F8 /* ChatView.swift */; };
		76BB9A0C2593095800612DDE /* Views.swift in Sources */ = {isa = PBXBuildFile; fileRef = 76BB9A0B2593095800612DDE /* Views.swift */; };
		76D15170259188CD00814CB5 /* AppDelegate.swift in Sources */ = {isa = PBXBuildFile; fileRef = 76D1516F259188CD00814CB5 /* AppDelegate.swift */; };
		76D15172259188CD00814CB5 /* SceneDelegate.swift in Sources */ = {isa = PBXBuildFile; fileRef = 76D15171259188CD00814CB5 /* SceneDelegate.swift */; };
		76D15174259188CD00814CB5 /* ContentView.swift in Sources */ = {isa = PBXBuildFile; fileRef = 76D15173259188CD00814CB5 /* ContentView.swift */; };
		76D15176259188D000814CB5 /* Assets.xcassets in Resources */ = {isa = PBXBuildFile; fileRef = 76D15175259188D000814CB5 /* Assets.xcassets */; };
		76D15179259188D000814CB5 /* Preview Assets.xcassets in Resources */ = {isa = PBXBuildFile; fileRef = 76D15178259188D000814CB5 /* Preview Assets.xcassets */; };
		76D1517C259188D000814CB5 /* LaunchScreen.storyboard in Resources */ = {isa = PBXBuildFile; fileRef = 76D1517A259188D000814CB5 /* LaunchScreen.storyboard */; };
		76D1518525919CF600814CB5 /* Chat.swift in Sources */ = {isa = PBXBuildFile; fileRef = 76D1518425919CF600814CB5 /* Chat.swift */; };
		76D1518825919D0500814CB5 /* ChatViewModel.swift in Sources */ = {isa = PBXBuildFile; fileRef = 76D1518725919D0500814CB5 /* ChatViewModel.swift */; };
		76D1518B25919D2300814CB5 /* ChatUnitView.swift in Sources */ = {isa = PBXBuildFile; fileRef = 76D1518A25919D2300814CB5 /* ChatUnitView.swift */; };
/* End PBXBuildFile section */

/* Begin PBXFileReference section */
		765C09EB2591CE66001209F8 /* ChatTicker.swift */ = {isa = PBXFileReference; lastKnownFileType = sourcecode.swift; path = ChatTicker.swift; sourceTree = "<group>"; };
		765C09F32592FEDB001209F8 /* ChatView.swift */ = {isa = PBXFileReference; lastKnownFileType = sourcecode.swift; path = ChatView.swift; sourceTree = "<group>"; };
		76BB9A0B2593095800612DDE /* Views.swift */ = {isa = PBXFileReference; lastKnownFileType = sourcecode.swift; path = Views.swift; sourceTree = "<group>"; };
		76D1516C259188CD00814CB5 /* ChattingTest.app */ = {isa = PBXFileReference; explicitFileType = wrapper.application; includeInIndex = 0; path = ChattingTest.app; sourceTree = BUILT_PRODUCTS_DIR; };
		76D1516F259188CD00814CB5 /* AppDelegate.swift */ = {isa = PBXFileReference; lastKnownFileType = sourcecode.swift; path = AppDelegate.swift; sourceTree = "<group>"; };
		76D15171259188CD00814CB5 /* SceneDelegate.swift */ = {isa = PBXFileReference; lastKnownFileType = sourcecode.swift; path = SceneDelegate.swift; sourceTree = "<group>"; };
		76D15173259188CD00814CB5 /* ContentView.swift */ = {isa = PBXFileReference; lastKnownFileType = sourcecode.swift; path = ContentView.swift; sourceTree = "<group>"; };
		76D15175259188D000814CB5 /* Assets.xcassets */ = {isa = PBXFileReference; lastKnownFileType = folder.assetcatalog; path = Assets.xcassets; sourceTree = "<group>"; };
		76D15178259188D000814CB5 /* Preview Assets.xcassets */ = {isa = PBXFileReference; lastKnownFileType = folder.assetcatalog; path = "Preview Assets.xcassets"; sourceTree = "<group>"; };
		76D1517B259188D000814CB5 /* Base */ = {isa = PBXFileReference; lastKnownFileType = file.storyboard; name = Base; path = Base.lproj/LaunchScreen.storyboard; sourceTree = "<group>"; };
		76D1517D259188D000814CB5 /* Info.plist */ = {isa = PBXFileReference; lastKnownFileType = text.plist.xml; path = Info.plist; sourceTree = "<group>"; };
		76D1518425919CF600814CB5 /* Chat.swift */ = {isa = PBXFileReference; lastKnownFileType = sourcecode.swift; path = Chat.swift; sourceTree = "<group>"; };
		76D1518725919D0500814CB5 /* ChatViewModel.swift */ = {isa = PBXFileReference; lastKnownFileType = sourcecode.swift; path = ChatViewModel.swift; sourceTree = "<group>"; };
		76D1518A25919D2300814CB5 /* ChatUnitView.swift */ = {isa = PBXFileReference; lastKnownFileType = sourcecode.swift; path = ChatUnitView.swift; sourceTree = "<group>"; };
/* End PBXFileReference section */

/* Begin PBXFrameworksBuildPhase section */
		76D15169259188CD00814CB5 /* Frameworks */ = {
			isa = PBXFrameworksBuildPhase;
			buildActionMask = 2147483647;
			files = (
			);
			runOnlyForDeploymentPostprocessing = 0;
		};
/* End PBXFrameworksBuildPhase section */

/* Begin PBXGroup section */
		765C09F12592FE9E001209F8 /* Views */ = {
			isa = PBXGroup;
			children = (
				76D15173259188CD00814CB5 /* ContentView.swift */,
				76D1518A25919D2300814CB5 /* ChatUnitView.swift */,
				765C09F32592FEDB001209F8 /* ChatView.swift */,
				76BB9A0B2593095800612DDE /* Views.swift */,
			);
			path = Views;
			sourceTree = "<group>";
		};
		76D15163259188CD00814CB5 = {
			isa = PBXGroup;
			children = (
				76D1516E259188CD00814CB5 /* ChattingTest */,
				76D1516D259188CD00814CB5 /* Products */,
			);
			sourceTree = "<group>";
		};
		76D1516D259188CD00814CB5 /* Products */ = {
			isa = PBXGroup;
			children = (
				76D1516C259188CD00814CB5 /* ChattingTest.app */,
			);
			name = Products;
			sourceTree = "<group>";
		};
		76D1516E259188CD00814CB5 /* ChattingTest */ = {
			isa = PBXGroup;
			children = (
				76D1519A2591C7A200814CB5 /* ViewModels */,
				765C09F12592FE9E001209F8 /* Views */,
				76D1516F259188CD00814CB5 /* AppDelegate.swift */,
				76D15171259188CD00814CB5 /* SceneDelegate.swift */,
				76D15175259188D000814CB5 /* Assets.xcassets */,
				76D1517A259188D000814CB5 /* LaunchScreen.storyboard */,
				76D1517D259188D000814CB5 /* Info.plist */,
				76D15177259188D000814CB5 /* Preview Content */,
			);
			path = ChattingTest;
			sourceTree = "<group>";
		};
		76D15177259188D000814CB5 /* Preview Content */ = {
			isa = PBXGroup;
			children = (
				76D15178259188D000814CB5 /* Preview Assets.xcassets */,
			);
			path = "Preview Content";
			sourceTree = "<group>";
		};
		76D1519A2591C7A200814CB5 /* ViewModels */ = {
			isa = PBXGroup;
			children = (
				76D1518725919D0500814CB5 /* ChatViewModel.swift */,
				76D1518425919CF600814CB5 /* Chat.swift */,
				765C09EB2591CE66001209F8 /* ChatTicker.swift */,
			);
			path = ViewModels;
			sourceTree = "<group>";
		};
/* End PBXGroup section */

/* Begin PBXNativeTarget section */
		76D1516B259188CD00814CB5 /* ChattingTest */ = {
			isa = PBXNativeTarget;
			buildConfigurationList = 76D15180259188D000814CB5 /* Build configuration list for PBXNativeTarget "ChattingTest" */;
			buildPhases = (
				76D15168259188CD00814CB5 /* Sources */,
				76D15169259188CD00814CB5 /* Frameworks */,
				76D1516A259188CD00814CB5 /* Resources */,
			);
			buildRules = (
			);
			dependencies = (
			);
			name = ChattingTest;
			productName = ChattingTest;
			productReference = 76D1516C259188CD00814CB5 /* ChattingTest.app */;
			productType = "com.apple.product-type.application";
		};
/* End PBXNativeTarget section */

/* Begin PBXProject section */
		76D15164259188CD00814CB5 /* Project object */ = {
			isa = PBXProject;
			attributes = {
				LastSwiftUpdateCheck = 1230;
				LastUpgradeCheck = 1230;
				TargetAttributes = {
					76D1516B259188CD00814CB5 = {
						CreatedOnToolsVersion = 12.3;
					};
				};
			};
			buildConfigurationList = 76D15167259188CD00814CB5 /* Build configuration list for PBXProject "ChattingTest" */;
			compatibilityVersion = "Xcode 9.3";
			developmentRegion = en;
			hasScannedForEncodings = 0;
			knownRegions = (
				en,
				Base,
			);
			mainGroup = 76D15163259188CD00814CB5;
			productRefGroup = 76D1516D259188CD00814CB5 /* Products */;
			projectDirPath = "";
			projectRoot = "";
			targets = (
				76D1516B259188CD00814CB5 /* ChattingTest */,
			);
		};
/* End PBXProject section */

/* Begin PBXResourcesBuildPhase section */
		76D1516A259188CD00814CB5 /* Resources */ = {
			isa = PBXResourcesBuildPhase;
			buildActionMask = 2147483647;
			files = (
				76D1517C259188D000814CB5 /* LaunchScreen.storyboard in Resources */,
				76D15179259188D000814CB5 /* Preview Assets.xcassets in Resources */,
				76D15176259188D000814CB5 /* Assets.xcassets in Resources */,
			);
			runOnlyForDeploymentPostprocessing = 0;
		};
/* End PBXResourcesBuildPhase section */

/* Begin PBXSourcesBuildPhase section */
		76D15168259188CD00814CB5 /* Sources */ = {
			isa = PBXSourcesBuildPhase;
			buildActionMask = 2147483647;
			files = (
				76D1518825919D0500814CB5 /* ChatViewModel.swift in Sources */,
				76D15170259188CD00814CB5 /* AppDelegate.swift in Sources */,
				76D1518B25919D2300814CB5 /* ChatUnitView.swift in Sources */,
				765C09F42592FEDB001209F8 /* ChatView.swift in Sources */,
				76D1518525919CF600814CB5 /* Chat.swift in Sources */,
				765C09EC2591CE66001209F8 /* ChatTicker.swift in Sources */,
				76D15172259188CD00814CB5 /* SceneDelegate.swift in Sources */,
				76D15174259188CD00814CB5 /* ContentView.swift in Sources */,
				76BB9A0C2593095800612DDE /* Views.swift in Sources */,
			);
			runOnlyForDeploymentPostprocessing = 0;
		};
/* End PBXSourcesBuildPhase section */

/* Begin PBXVariantGroup section */
		76D1517A259188D000814CB5 /* LaunchScreen.storyboard */ = {
			isa = PBXVariantGroup;
			children = (
				76D1517B259188D000814CB5 /* Base */,
			);
			name = LaunchScreen.storyboard;
			sourceTree = "<group>";
		};
/* End PBXVariantGroup section */

/* Begin XCBuildConfiguration section */
		76D1517E259188D000814CB5 /* Debug */ = {
			isa = XCBuildConfiguration;
			buildSettings = {
				ALWAYS_SEARCH_USER_PATHS = NO;
				CLANG_ANALYZER_NONNULL = YES;
				CLANG_ANALYZER_NUMBER_OBJECT_CONVERSION = YES_AGGRESSIVE;
				CLANG_CXX_LANGUAGE_STANDARD = "gnu++14";
				CLANG_CXX_LIBRARY = "libc++";
				CLANG_ENABLE_MODULES = YES;
				CLANG_ENABLE_OBJC_ARC = YES;
				CLANG_ENABLE_OBJC_WEAK = YES;
				CLANG_WARN_BLOCK_CAPTURE_AUTORELEASING = YES;
				CLANG_WARN_BOOL_CONVERSION = YES;
				CLANG_WARN_COMMA = YES;
				CLANG_WARN_CONSTANT_CONVERSION = YES;
				CLANG_WARN_DEPRECATED_OBJC_IMPLEMENTATIONS = YES;
				CLANG_WARN_DIRECT_OBJC_ISA_USAGE = YES_ERROR;
				CLANG_WARN_DOCUMENTATION_COMMENTS = YES;
				CLANG_WARN_EMPTY_BODY = YES;
				CLANG_WARN_ENUM_CONVERSION = YES;
				CLANG_WARN_INFINITE_RECURSION = YES;
				CLANG_WARN_INT_CONVERSION = YES;
				CLANG_WARN_NON_LITERAL_NULL_CONVERSION = YES;
				CLANG_WARN_OBJC_IMPLICIT_RETAIN_SELF = YES;
				CLANG_WARN_OBJC_LITERAL_CONVERSION = YES;
				CLANG_WARN_OBJC_ROOT_CLASS = YES_ERROR;
				CLANG_WARN_QUOTED_INCLUDE_IN_FRAMEWORK_HEADER = YES;
				CLANG_WARN_RANGE_LOOP_ANALYSIS = YES;
				CLANG_WARN_STRICT_PROTOTYPES = YES;
				CLANG_WARN_SUSPICIOUS_MOVE = YES;
				CLANG_WARN_UNGUARDED_AVAILABILITY = YES_AGGRESSIVE;
				CLANG_WARN_UNREACHABLE_CODE = YES;
				CLANG_WARN__DUPLICATE_METHOD_MATCH = YES;
				COPY_PHASE_STRIP = NO;
				DEBUG_INFORMATION_FORMAT = dwarf;
				ENABLE_STRICT_OBJC_MSGSEND = YES;
				ENABLE_TESTABILITY = YES;
				GCC_C_LANGUAGE_STANDARD = gnu11;
				GCC_DYNAMIC_NO_PIC = NO;
				GCC_NO_COMMON_BLOCKS = YES;
				GCC_OPTIMIZATION_LEVEL = 0;
				GCC_PREPROCESSOR_DEFINITIONS = (
					"DEBUG=1",
					"$(inherited)",
				);
				GCC_WARN_64_TO_32_BIT_CONVERSION = YES;
				GCC_WARN_ABOUT_RETURN_TYPE = YES_ERROR;
				GCC_WARN_UNDECLARED_SELECTOR = YES;
				GCC_WARN_UNINITIALIZED_AUTOS = YES_AGGRESSIVE;
				GCC_WARN_UNUSED_FUNCTION = YES;
				GCC_WARN_UNUSED_VARIABLE = YES;
				IPHONEOS_DEPLOYMENT_TARGET = 14.3;
				MTL_ENABLE_DEBUG_INFO = INCLUDE_SOURCE;
				MTL_FAST_MATH = YES;
				ONLY_ACTIVE_ARCH = YES;
				SDKROOT = iphoneos;
				SWIFT_ACTIVE_COMPILATION_CONDITIONS = DEBUG;
				SWIFT_OPTIMIZATION_LEVEL = "-Onone";
			};
			name = Debug;
		};
		76D1517F259188D000814CB5 /* Release */ = {
			isa = XCBuildConfiguration;
			buildSettings = {
				ALWAYS_SEARCH_USER_PATHS = NO;
				CLANG_ANALYZER_NONNULL = YES;
				CLANG_ANALYZER_NUMBER_OBJECT_CONVERSION = YES_AGGRESSIVE;
				CLANG_CXX_LANGUAGE_STANDARD = "gnu++14";
				CLANG_CXX_LIBRARY = "libc++";
				CLANG_ENABLE_MODULES = YES;
				CLANG_ENABLE_OBJC_ARC = YES;
				CLANG_ENABLE_OBJC_WEAK = YES;
				CLANG_WARN_BLOCK_CAPTURE_AUTORELEASING = YES;
				CLANG_WARN_BOOL_CONVERSION = YES;
				CLANG_WARN_COMMA = YES;
				CLANG_WARN_CONSTANT_CONVERSION = YES;
				CLANG_WARN_DEPRECATED_OBJC_IMPLEMENTATIONS = YES;
				CLANG_WARN_DIRECT_OBJC_ISA_USAGE = YES_ERROR;
				CLANG_WARN_DOCUMENTATION_COMMENTS = YES;
				CLANG_WARN_EMPTY_BODY = YES;
				CLANG_WARN_ENUM_CONVERSION = YES;
				CLANG_WARN_INFINITE_RECURSION = YES;
				CLANG_WARN_INT_CONVERSION = YES;
				CLANG_WARN_NON_LITERAL_NULL_CONVERSION = YES;
				CLANG_WARN_OBJC_IMPLICIT_RETAIN_SELF = YES;
				CLANG_WARN_OBJC_LITERAL_CONVERSION = YES;
				CLANG_WARN_OBJC_ROOT_CLASS = YES_ERROR;
				CLANG_WARN_QUOTED_INCLUDE_IN_FRAMEWORK_HEADER = YES;
				CLANG_WARN_RANGE_LOOP_ANALYSIS = YES;
				CLANG_WARN_STRICT_PROTOTYPES = YES;
				CLANG_WARN_SUSPICIOUS_MOVE = YES;
				CLANG_WARN_UNGUARDED_AVAILABILITY = YES_AGGRESSIVE;
				CLANG_WARN_UNREACHABLE_CODE = YES;
				CLANG_WARN__DUPLICATE_METHOD_MATCH = YES;
				COPY_PHASE_STRIP = NO;
				DEBUG_INFORMATION_FORMAT = "dwarf-with-dsym";
				ENABLE_NS_ASSERTIONS = NO;
				ENABLE_STRICT_OBJC_MSGSEND = YES;
				GCC_C_LANGUAGE_STANDARD = gnu11;
				GCC_NO_COMMON_BLOCKS = YES;
				GCC_WARN_64_TO_32_BIT_CONVERSION = YES;
				GCC_WARN_ABOUT_RETURN_TYPE = YES_ERROR;
				GCC_WARN_UNDECLARED_SELECTOR = YES;
				GCC_WARN_UNINITIALIZED_AUTOS = YES_AGGRESSIVE;
				GCC_WARN_UNUSED_FUNCTION = YES;
				GCC_WARN_UNUSED_VARIABLE = YES;
				IPHONEOS_DEPLOYMENT_TARGET = 14.3;
				MTL_ENABLE_DEBUG_INFO = NO;
				MTL_FAST_MATH = YES;
				SDKROOT = iphoneos;
				SWIFT_COMPILATION_MODE = wholemodule;
				SWIFT_OPTIMIZATION_LEVEL = "-O";
				VALIDATE_PRODUCT = YES;
			};
			name = Release;
		};
		76D15181259188D000814CB5 /* Debug */ = {
			isa = XCBuildConfiguration;
			buildSettings = {
				ASSETCATALOG_COMPILER_APPICON_NAME = AppIcon;
				ASSETCATALOG_COMPILER_GLOBAL_ACCENT_COLOR_NAME = AccentColor;
				CODE_SIGN_STYLE = Automatic;
				DEVELOPMENT_ASSET_PATHS = "\"ChattingTest/Preview Content\"";
				ENABLE_PREVIEWS = YES;
				INFOPLIST_FILE = ChattingTest/Info.plist;
				LD_RUNPATH_SEARCH_PATHS = (
					"$(inherited)",
					"@executable_path/Frameworks",
				);
				PRODUCT_BUNDLE_IDENTIFIER = tv.kakao.ChattingTest;
				PRODUCT_NAME = "$(TARGET_NAME)";
				SWIFT_VERSION = 5.0;
				TARGETED_DEVICE_FAMILY = "1,2";
			};
			name = Debug;
		};
		76D15182259188D000814CB5 /* Release */ = {
			isa = XCBuildConfiguration;
			buildSettings = {
				ASSETCATALOG_COMPILER_APPICON_NAME = AppIcon;
				ASSETCATALOG_COMPILER_GLOBAL_ACCENT_COLOR_NAME = AccentColor;
				CODE_SIGN_STYLE = Automatic;
				DEVELOPMENT_ASSET_PATHS = "\"ChattingTest/Preview Content\"";
				ENABLE_PREVIEWS = YES;
				INFOPLIST_FILE = ChattingTest/Info.plist;
				LD_RUNPATH_SEARCH_PATHS = (
					"$(inherited)",
					"@executable_path/Frameworks",
				);
				PRODUCT_BUNDLE_IDENTIFIER = tv.kakao.ChattingTest;
				PRODUCT_NAME = "$(TARGET_NAME)";
				SWIFT_VERSION = 5.0;
				TARGETED_DEVICE_FAMILY = "1,2";
			};
			name = Release;
		};
/* End XCBuildConfiguration section */

/* Begin XCConfigurationList section */
		76D15167259188CD00814CB5 /* Build configuration list for PBXProject "ChattingTest" */ = {
			isa = XCConfigurationList;
			buildConfigurations = (
				76D1517E259188D000814CB5 /* Debug */,
				76D1517F259188D000814CB5 /* Release */,
			);
			defaultConfigurationIsVisible = 0;
			defaultConfigurationName = Release;
		};
		76D15180259188D000814CB5 /* Build configuration list for PBXNativeTarget "ChattingTest" */ = {
			isa = XCConfigurationList;
			buildConfigurations = (
				76D15181259188D000814CB5 /* Debug */,
				76D15182259188D000814CB5 /* Release */,
			);
			defaultConfigurationIsVisible = 0;
			defaultConfigurationName = Release;
		};
/* End XCConfigurationList section */
	};
	rootObject = 76D15164259188CD00814CB5 /* Project object */;
}
